
Microsoft Visual Studio Solution File, Format Version 12.00
# Visual Studio Version 17
VisualStudioVersion = 17.14.36623.8
MinimumVisualStudioVersion = 10.0.40219.1
Project("{FAE04EC0-301F-11D3-BF4B-00C04F79EFBC}") = "TradeMonitorCore", "TradeMonitorCore\TradeMonitorCore.csproj", "{09E4E2AC-2D6B-4237-A993-83A17C2291EC}"
EndProject
Project("{FAE04EC0-301F-11D3-BF4B-00C04F79EFBC}") = "TradeMonitorUI", "TradeMonitorUI\TradeMonitorUI.csproj", "{52971881-8521-4A4D-9B00-BE627B40CEE5}"
EndProject
Project("{FAE04EC0-301F-11D3-BF4B-00C04F79EFBC}") = "TradeMonitorTests", "TradeMonitorTests\TradeMonitorTests.csproj", "{8862FFFB-1262-45F6-863F-9A1B4105DC2E}"
EndProject
Global
	GlobalSection(SolutionConfigurationPlatforms) = preSolution
		Debug|Any CPU = Debug|Any CPU
		Release|Any CPU = Release|Any CPU
	EndGlobalSection
	GlobalSection(ProjectConfigurationPlatforms) = postSolution
		{09E4E2AC-2D6B-4237-A993-83A17C2291EC}.Debug|Any CPU.ActiveCfg = Debug|Any CPU
		{09E4E2AC-2D6B-4237-A993-83A17C2291EC}.Debug|Any CPU.Build.0 = Debug|Any CPU
		{09E4E2AC-2D6B-4237-A993-83A17C2291EC}.Release|Any CPU.ActiveCfg = Release|Any CPU
		{09E4E2AC-2D6B-4237-A993-83A17C2291EC}.Release|Any CPU.Build.0 = Release|Any CPU
		{52971881-8521-4A4D-9B00-BE627B40CEE5}.Debug|Any CPU.ActiveCfg = Debug|Any CPU
		{52971881-8521-4A4D-9B00-BE627B40CEE5}.Debug|Any CPU.Build.0 = Debug|Any CPU
		{52971881-8521-4A4D-9B00-BE627B40CEE5}.Release|Any CPU.ActiveCfg = Release|Any CPU
		{52971881-8521-4A4D-9B00-BE627B40CEE5}.Release|Any CPU.Build.0 = Release|Any CPU
		{8862FFFB-1262-45F6-863F-9A1B4105DC2E}.Debug|Any CPU.ActiveCfg = Debug|Any CPU
		{8862FFFB-1262-45F6-863F-9A1B4105DC2E}.Debug|Any CPU.Build.0 = Debug|Any CPU
		{8862FFFB-1262-45F6-863F-9A1B4105DC2E}.Release|Any CPU.ActiveCfg = Release|Any CPU
		{8862FFFB-1262-45F6-863F-9A1B4105DC2E}.Release|Any CPU.Build.0 = Release|Any CPU
	EndGlobalSection
	GlobalSection(SolutionProperties) = preSolution
		HideSolutionNode = FALSE
	EndGlobalSection
	GlobalSection(ExtensibilityGlobals) = postSolution
		SolutionGuid = {B6F01F7C-FF49-491F-B23F-9EFFEEC246C4}
	EndGlobalSection
EndGlobal
